schema: '2.0'
stages:
  data_ingestion:
    cmd: python src/data/data_ingestion.py
    deps:
    - path: src/data/data_ingestion.py
      hash: md5
      md5: 3c9acd39316435ea3a9087e7c964d216
      size: 2156
    outs:
    - path: data/raw
      hash: md5
      md5: a54690cf6f32a13bf773f7335a88cce1.dir
      size: 931368
      nfiles: 1
  feature_processing:
    cmd: python src/features/feature_processing.py
    deps:
    - path: data/raw
      hash: md5
      md5: a54690cf6f32a13bf773f7335a88cce1.dir
      size: 931368
      nfiles: 1
    - path: src/features/feature_processing.py
      hash: md5
      md5: f95feb66f0472fda62dc64d0eeda8f89
      size: 6528
    params:
      params.yaml:
        feature_processing.test_size: 0.35
    outs:
    - path: data/processed
      hash: md5
      md5: 02c85ab2987bfd2d14dcb06f6d31642b.dir
      size: 1872420
      nfiles: 2
    - path: models/pipe.pkl
      hash: md5
      md5: c01d14fa02d21499253acc6c1ef62062
      size: 132289
  model_building:
    cmd: python src/model/model_building.py
    deps:
    - path: data/processed
      hash: md5
      md5: 02c85ab2987bfd2d14dcb06f6d31642b.dir
      size: 1872420
      nfiles: 2
    - path: models/pipe.pkl
      hash: md5
      md5: c01d14fa02d21499253acc6c1ef62062
      size: 132289
    - path: src/model/model_building.py
      hash: md5
      md5: e8d7208c5b32212a29e9782e3a248d5c
      size: 3057
    params:
      params.yaml:
        model_building.bootstrap: true
        model_building.max_depth:
        model_building.max_features: sqrt
        model_building.min_samples_leaf: 1
        model_building.min_samples_split: 2
        model_building.n_estimators: 100
    outs:
    - path: models/RandomForest.pkl
      hash: md5
      md5: cc6fd3605d4d6a570fd65abc762e322c
      size: 35547715
  model_evaluation:
    cmd: python src/model/model_evaluation.py
    deps:
    - path: data/processed
      hash: md5
      md5: 02c85ab2987bfd2d14dcb06f6d31642b.dir
      size: 1872420
      nfiles: 2
    - path: models/RandomForest.pkl
      hash: md5
      md5: cc6fd3605d4d6a570fd65abc762e322c
      size: 35547715
    - path: src/model/model_evaluation.py
      hash: md5
      md5: 53dcda9d6146434a41d542f63d56247e
      size: 2887
    outs:
    - path: reports/metrics.json
      hash: md5
      md5: 3d2677cf0dd42e8e0ae3d041c1f796a9
      size: 134
