schema: '2.0'
stages:
  data_ingestion:
    cmd: python src/data/data_ingestion.py
    deps:
    - path: src/data/data_ingestion.py
      hash: md5
      md5: 1c78a1a72ebe662a3c062ba55cb2977f
      size: 795
    outs:
    - path: data/raw
      hash: md5
      md5: a54690cf6f32a13bf773f7335a88cce1.dir
      size: 931368
      nfiles: 1
  feature_processing:
    cmd: python src/features/feature_processing.py
    deps:
    - path: data/raw
      hash: md5
      md5: a54690cf6f32a13bf773f7335a88cce1.dir
      size: 931368
      nfiles: 1
    - path: src/features/feature_processing.py
      hash: md5
      md5: 831295c71cfea702721ac3ca94b3fd88
      size: 3725
    outs:
    - path: data/processed
      hash: md5
      md5: 7c9e0b81bbc3fdc586e8f748dcd1415c.dir
      size: 1854074
      nfiles: 2
    - path: models/pipe.pkl
      hash: md5
      md5: a6ab54af1c48556e21f115dd3785b2df
      size: 145960
  model_building:
    cmd: python src/model/model_building.py
    deps:
    - path: data/processed
      hash: md5
      md5: 7c9e0b81bbc3fdc586e8f748dcd1415c.dir
      size: 1854074
      nfiles: 2
    - path: models/pipe.pkl
      hash: md5
      md5: a6ab54af1c48556e21f115dd3785b2df
      size: 145960
    - path: src/model/model_building.py
      hash: md5
      md5: be905f329853ba389e51dc7f642a743d
      size: 850
    outs:
    - path: models/RandomForest.pkl
      hash: md5
      md5: 919edb344717ae76013085e9447dc33a
      size: 42003500
  model_evaluation:
    cmd: python src/model/model_evaluation.py
    deps:
    - path: data/processed
      hash: md5
      md5: 7c9e0b81bbc3fdc586e8f748dcd1415c.dir
      size: 1854074
      nfiles: 2
    - path: models/RandomForest.pkl
      hash: md5
      md5: 919edb344717ae76013085e9447dc33a
      size: 42003500
    - path: src/model/model_evaluation.py
      hash: md5
      md5: 49edf9c373e16e0f5e5a47cc658e2fd6
      size: 1239
    outs:
    - path: reports/metrics.json
      hash: md5
      md5: d1029a167eccd3d9c2d7ed4408f22fc1
      size: 133
