schema: '2.0'
stages:
  data_ingestion:
    cmd: python src/data/data_ingestion.py --input data/external/CLEANED_GMC_DIESEL.csv
    deps:
    - path: data/GMC/CLEANED_GMC_DIESEL.csv
      hash: md5
      md5: 6962b2e1c12c0afd1ffd77cacc60e484
      size: 2773475
    - path: src/data/data_ingestion.py
      hash: md5
      md5: e3a90253dbaf6b6e31613210119079a4
      size: 2174
    outs:
    - path: data/raw
      hash: md5
      md5: a54690cf6f32a13bf773f7335a88cce1.dir
      size: 931368
      nfiles: 1
  feature_processing:
    cmd: python src/features/feature_processing.py
    deps:
    - path: data/raw
      hash: md5
      md5: a54690cf6f32a13bf773f7335a88cce1.dir
      size: 931368
      nfiles: 1
    - path: src/features/feature_processing.py
      hash: md5
      md5: 4b23313f7058cbeb80feda2b1ae7e6ad
      size: 9771
    params:
      params.yaml:
        feature_processing.test_size: 0.34
    outs:
    - path: data/processed
      hash: md5
      md5: a047c70f85ff704ed50c87fb8c4a75b2.dir
      size: 1858422
      nfiles: 2
    - path: models/pipe.pkl
      hash: md5
      md5: 28ca2e1c0b802c130387f7c45bcdc6d4
      size: 132933
  model_building:
    cmd: python src/model/model_building.py
    deps:
    - path: data/processed
      hash: md5
      md5: a047c70f85ff704ed50c87fb8c4a75b2.dir
      size: 1858422
      nfiles: 2
    - path: models/pipe.pkl
      hash: md5
      md5: 28ca2e1c0b802c130387f7c45bcdc6d4
      size: 132933
    - path: src/model/model_building.py
      hash: md5
      md5: a63f83c23e510b46376e0c7bf98dc2fc
      size: 3063
    params:
      params.yaml:
        model_building.bootstrap: true
        model_building.max_depth:
        model_building.max_features: sqrt
        model_building.min_samples_leaf: 1
        model_building.min_samples_split: 2
        model_building.n_estimators: 100
    outs:
    - path: models/RandomForest.pkl
      hash: md5
      md5: e5f5faa841446de520a80d42357f5364
      size: 35915203
  model_evaluation:
    cmd: python src/model/model_evaluation.py
    deps:
    - path: data/processed
      hash: md5
      md5: a047c70f85ff704ed50c87fb8c4a75b2.dir
      size: 1858422
      nfiles: 2
    - path: models/RandomForest.pkl
      hash: md5
      md5: e5f5faa841446de520a80d42357f5364
      size: 35915203
    - path: src/model/model_evaluation.py
      hash: md5
      md5: d4f76a0b70b346ccf1b6d804fbcb74e9
      size: 5365
    outs:
    - path: reports/exp_info.json
      hash: md5
      md5: 3c9d7331fd86b7fd319522cbf0bd550a
      size: 107
    - path: reports/metrics.json
      hash: md5
      md5: 1536b6392a60ba689b298a2f271955ec
      size: 133
  register_model:
    cmd: python src/model/register_model.py
    deps:
    - path: reports/exp_info.json
      hash: md5
      md5: 3c9d7331fd86b7fd319522cbf0bd550a
      size: 107
    - path: src/model/register_model.py
      hash: md5
      md5: 35d10dda8f195e5a07ffd424fbb3aad7
      size: 3090
